
Microsoft Visual Studio Solution File, Format Version 12.00
# Visual Studio Version 17
VisualStudioVersion = 17.1.32210.238
MinimumVisualStudioVersion = 10.0.40219.1
Project("{9A19103F-16F7-4668-BE54-9A1E7A4F7556}") = "NotebookDbApp.Client", "AJ4GRZ_HFT_2021221.Client\NotebookDbApp.Client.csproj", "{21B694E7-24BC-4F51-98A2-249AFEDC0556}"
EndProject
Project("{9A19103F-16F7-4668-BE54-9A1E7A4F7556}") = "NotebookDbApp.Models", "AJ4GRZ_HFT_2021221.Models\NotebookDbApp.Models.csproj", "{807C9312-730E-465C-853C-43221D849265}"
EndProject
Project("{9A19103F-16F7-4668-BE54-9A1E7A4F7556}") = "NotebookDbApp.Data", "AJ4GRZ_HFT_2021221.Data\NotebookDbApp.Data.csproj", "{F2CDFC62-30BE-42A0-A1D5-020D334C763C}"
EndProject
Project("{9A19103F-16F7-4668-BE54-9A1E7A4F7556}") = "NotebookDbApp.Logic", "AJ4GRZ_HFT_2021221.Logic\NotebookDbApp.Logic.csproj", "{3472C44D-01F6-49A1-89B5-067390D48FB6}"
EndProject
Project("{9A19103F-16F7-4668-BE54-9A1E7A4F7556}") = "NotebookDbApp.Repository", "AJ4GRZ_HFT_2021221.Repository\NotebookDbApp.Repository.csproj", "{082B225A-B9BC-4983-9680-AAD6016BF16D}"
EndProject
Project("{9A19103F-16F7-4668-BE54-9A1E7A4F7556}") = "NotebookDbApp.Test", "AJ4GRZ_HFT_2021221.Test\NotebookDbApp.Test.csproj", "{0CECE29C-A9EA-461C-9557-9B2981A310AB}"
EndProject
Project("{2150E333-8FDC-42A3-9474-1A3956D46DE8}") = "Backend", "Backend", "{6EE4033F-1D53-4488-AD81-F17A1B322043}"
EndProject
Project("{2150E333-8FDC-42A3-9474-1A3956D46DE8}") = "Frontend", "Frontend", "{9D5222AC-1906-44BD-B589-13CF26D6BCBD}"
EndProject
Project("{2150E333-8FDC-42A3-9474-1A3956D46DE8}") = "Shared", "Shared", "{5D1A7CF7-F3A2-4E8B-813C-A1A5CF6A67AE}"
EndProject
Project("{2150E333-8FDC-42A3-9474-1A3956D46DE8}") = "Others", "Others", "{A3B3C586-2D70-4123-8BF8-B9BBDCC43CD4}"
	ProjectSection(SolutionItems) = preProject
		.gitignore = .gitignore
	EndProjectSection
EndProject
Project("{9A19103F-16F7-4668-BE54-9A1E7A4F7556}") = "NotebookDbApp.Endpoint", "AJ4GRZ_HFT_2021221.Endpoint\NotebookDbApp.Endpoint.csproj", "{D993BC7A-96FC-4AD6-A282-3B7FC6F49158}"
EndProject
Project("{9A19103F-16F7-4668-BE54-9A1E7A4F7556}") = "NotebookDbApp.WpfClient", "NotebookDbApp.WpfClient\NotebookDbApp.WpfClient.csproj", "{03A26877-B09A-4135-AF49-9D8A8DFA3F56}"
EndProject
Project("{FAE04EC0-301F-11D3-BF4B-00C04F79EFBC}") = "NotebookDbApp.JSClient", "NotebookDbApp.JSClient\NotebookDbApp.JSClient.csproj", "{9BEB0D8F-BD7C-439E-807E-1580C6E734D3}"
EndProject
Global
	GlobalSection(SolutionConfigurationPlatforms) = preSolution
		Debug|Any CPU = Debug|Any CPU
		Release|Any CPU = Release|Any CPU
	EndGlobalSection
	GlobalSection(ProjectConfigurationPlatforms) = postSolution
		{21B694E7-24BC-4F51-98A2-249AFEDC0556}.Debug|Any CPU.ActiveCfg = Debug|Any CPU
		{21B694E7-24BC-4F51-98A2-249AFEDC0556}.Debug|Any CPU.Build.0 = Debug|Any CPU
		{21B694E7-24BC-4F51-98A2-249AFEDC0556}.Release|Any CPU.ActiveCfg = Release|Any CPU
		{21B694E7-24BC-4F51-98A2-249AFEDC0556}.Release|Any CPU.Build.0 = Release|Any CPU
		{807C9312-730E-465C-853C-43221D849265}.Debug|Any CPU.ActiveCfg = Debug|Any CPU
		{807C9312-730E-465C-853C-43221D849265}.Debug|Any CPU.Build.0 = Debug|Any CPU
		{807C9312-730E-465C-853C-43221D849265}.Release|Any CPU.ActiveCfg = Release|Any CPU
		{807C9312-730E-465C-853C-43221D849265}.Release|Any CPU.Build.0 = Release|Any CPU
		{F2CDFC62-30BE-42A0-A1D5-020D334C763C}.Debug|Any CPU.ActiveCfg = Debug|Any CPU
		{F2CDFC62-30BE-42A0-A1D5-020D334C763C}.Debug|Any CPU.Build.0 = Debug|Any CPU
		{F2CDFC62-30BE-42A0-A1D5-020D334C763C}.Release|Any CPU.ActiveCfg = Release|Any CPU
		{F2CDFC62-30BE-42A0-A1D5-020D334C763C}.Release|Any CPU.Build.0 = Release|Any CPU
		{3472C44D-01F6-49A1-89B5-067390D48FB6}.Debug|Any CPU.ActiveCfg = Debug|Any CPU
		{3472C44D-01F6-49A1-89B5-067390D48FB6}.Debug|Any CPU.Build.0 = Debug|Any CPU
		{3472C44D-01F6-49A1-89B5-067390D48FB6}.Release|Any CPU.ActiveCfg = Release|Any CPU
		{3472C44D-01F6-49A1-89B5-067390D48FB6}.Release|Any CPU.Build.0 = Release|Any CPU
		{082B225A-B9BC-4983-9680-AAD6016BF16D}.Debug|Any CPU.ActiveCfg = Debug|Any CPU
		{082B225A-B9BC-4983-9680-AAD6016BF16D}.Debug|Any CPU.Build.0 = Debug|Any CPU
		{082B225A-B9BC-4983-9680-AAD6016BF16D}.Release|Any CPU.ActiveCfg = Release|Any CPU
		{082B225A-B9BC-4983-9680-AAD6016BF16D}.Release|Any CPU.Build.0 = Release|Any CPU
		{0CECE29C-A9EA-461C-9557-9B2981A310AB}.Debug|Any CPU.ActiveCfg = Debug|Any CPU
		{0CECE29C-A9EA-461C-9557-9B2981A310AB}.Debug|Any CPU.Build.0 = Debug|Any CPU
		{0CECE29C-A9EA-461C-9557-9B2981A310AB}.Release|Any CPU.ActiveCfg = Release|Any CPU
		{0CECE29C-A9EA-461C-9557-9B2981A310AB}.Release|Any CPU.Build.0 = Release|Any CPU
		{D993BC7A-96FC-4AD6-A282-3B7FC6F49158}.Debug|Any CPU.ActiveCfg = Debug|Any CPU
		{D993BC7A-96FC-4AD6-A282-3B7FC6F49158}.Debug|Any CPU.Build.0 = Debug|Any CPU
		{D993BC7A-96FC-4AD6-A282-3B7FC6F49158}.Release|Any CPU.ActiveCfg = Release|Any CPU
		{D993BC7A-96FC-4AD6-A282-3B7FC6F49158}.Release|Any CPU.Build.0 = Release|Any CPU
		{03A26877-B09A-4135-AF49-9D8A8DFA3F56}.Debug|Any CPU.ActiveCfg = Debug|Any CPU
		{03A26877-B09A-4135-AF49-9D8A8DFA3F56}.Debug|Any CPU.Build.0 = Debug|Any CPU
		{03A26877-B09A-4135-AF49-9D8A8DFA3F56}.Release|Any CPU.ActiveCfg = Release|Any CPU
		{03A26877-B09A-4135-AF49-9D8A8DFA3F56}.Release|Any CPU.Build.0 = Release|Any CPU
		{9BEB0D8F-BD7C-439E-807E-1580C6E734D3}.Debug|Any CPU.ActiveCfg = Debug|Any CPU
		{9BEB0D8F-BD7C-439E-807E-1580C6E734D3}.Debug|Any CPU.Build.0 = Debug|Any CPU
		{9BEB0D8F-BD7C-439E-807E-1580C6E734D3}.Release|Any CPU.ActiveCfg = Release|Any CPU
		{9BEB0D8F-BD7C-439E-807E-1580C6E734D3}.Release|Any CPU.Build.0 = Release|Any CPU
	EndGlobalSection
	GlobalSection(SolutionProperties) = preSolution
		HideSolutionNode = FALSE
	EndGlobalSection
	GlobalSection(NestedProjects) = preSolution
		{21B694E7-24BC-4F51-98A2-249AFEDC0556} = {9D5222AC-1906-44BD-B589-13CF26D6BCBD}
		{807C9312-730E-465C-853C-43221D849265} = {5D1A7CF7-F3A2-4E8B-813C-A1A5CF6A67AE}
		{F2CDFC62-30BE-42A0-A1D5-020D334C763C} = {6EE4033F-1D53-4488-AD81-F17A1B322043}
		{3472C44D-01F6-49A1-89B5-067390D48FB6} = {6EE4033F-1D53-4488-AD81-F17A1B322043}
		{082B225A-B9BC-4983-9680-AAD6016BF16D} = {6EE4033F-1D53-4488-AD81-F17A1B322043}
		{0CECE29C-A9EA-461C-9557-9B2981A310AB} = {6EE4033F-1D53-4488-AD81-F17A1B322043}
		{D993BC7A-96FC-4AD6-A282-3B7FC6F49158} = {6EE4033F-1D53-4488-AD81-F17A1B322043}
		{03A26877-B09A-4135-AF49-9D8A8DFA3F56} = {9D5222AC-1906-44BD-B589-13CF26D6BCBD}
		{9BEB0D8F-BD7C-439E-807E-1580C6E734D3} = {9D5222AC-1906-44BD-B589-13CF26D6BCBD}
	EndGlobalSection
	GlobalSection(ExtensibilityGlobals) = postSolution
		SolutionGuid = {21FFE22B-8C93-4243-8631-A6D4B9B12662}
	EndGlobalSection
EndGlobal
